schema: '2.0'
stages:
  generate_jokes:
    cmd: python src/generate_jokes.py
    deps:
    - path: data/raw/task-a-en.tsv
      hash: md5
      md5: d6628ce2bbd2495ab43b9dbfb97e2c34
      size: 98027
    - path: src/generate_jokes.py
      hash: md5
      md5: 671f9b4e02107436a9ac781abced7b03
      size: 2003
    outs:
    - path: outputs/jokes_dev.csv
      hash: md5
      md5: bcab6498a907a28c101305872a4792f0
      size: 1019
